
Microsoft Visual Studio Solution File, Format Version 12.00
# Visual Studio Version 17
VisualStudioVersion = 17.11.35431.28
MinimumVisualStudioVersion = 10.0.40219.1
Project("{FAE04EC0-301F-11D3-BF4B-00C04F79EFBC}") = "車掌用知らせ灯", "車掌用知らせ灯.csproj", "{628ACBF6-0A3F-4B93-83AD-905A77FB17B9}"
EndProject
Global
	GlobalSection(SolutionConfigurationPlatforms) = preSolution
		Debug|Any CPU = Debug|Any CPU
		Release|Any CPU = Release|Any CPU
	EndGlobalSection
	GlobalSection(ProjectConfigurationPlatforms) = postSolution
		{628ACBF6-0A3F-4B93-83AD-905A77FB17B9}.Debug|Any CPU.ActiveCfg = Debug|Any CPU
		{628ACBF6-0A3F-4B93-83AD-905A77FB17B9}.Debug|Any CPU.Build.0 = Debug|Any CPU
		{628ACBF6-0A3F-4B93-83AD-905A77FB17B9}.Release|Any CPU.ActiveCfg = Release|Any CPU
		{628ACBF6-0A3F-4B93-83AD-905A77FB17B9}.Release|Any CPU.Build.0 = Release|Any CPU
	EndGlobalSection
	GlobalSection(SolutionProperties) = preSolution
		HideSolutionNode = FALSE
	EndGlobalSection
	GlobalSection(ExtensibilityGlobals) = postSolution
		SolutionGuid = {B44CF75A-3C4F-4DB0-980F-BE25C490937E}
	EndGlobalSection
EndGlobal
